lockfileVersion: '6.0'

settings:
  autoInstallPeers: true
  excludeLinksFromLockfile: false

dependencies:
  '@tailwindcss/nesting':
    specifier: 0.0.0-insiders.565cd3e
    version: 0.0.0-insiders.565cd3e(postcss@8.4.30)
  postcss-import:
    specifier: ^15.1.0
    version: 15.1.0(postcss@8.4.30)
  postcss-nested:
    specifier: ^6.0.1
    version: 6.0.1(postcss@8.4.30)
  postcss-nesting:
    specifier: ^12.0.1
    version: 12.0.1(postcss@8.4.30)
  postcss-scss:
    specifier: ^4.0.8
    version: 4.0.8(postcss@8.4.30)

packages:

  /@csstools/selector-specificity@3.0.0(postcss-selector-parser@6.0.13):
    resolution: {integrity: sha512-hBI9tfBtuPIi885ZsZ32IMEU/5nlZH/KOVYJCOh7gyMxaVLGmLedYqFN6Ui1LXkI8JlC8IsuC0rF0btcRZKd5g==}
    engines: {node: ^14 || ^16 || >=18}
    peerDependencies:
      postcss-selector-parser: ^6.0.13
    dependencies:
      postcss-selector-parser: 6.0.13
    dev: false

  /@tailwindcss/nesting@0.0.0-insiders.565cd3e(postcss@8.4.30):
    resolution: {integrity: sha512-WhHoFBx19TnH/c+xLwT/sxei6+4RpdfiyG3MYXfmLaMsADmVqBkF7B6lDalgZD9YdM459MF7DtxVbWkOrV7IaQ==}
    peerDependencies:
      postcss: ^8.2.15
    dependencies:
      postcss: 8.4.30
      postcss-nested: 5.0.6(postcss@8.4.30)
    dev: false

  /cssesc@3.0.0:
    resolution: {integrity: sha512-/Tb/JcjK111nNScGob5MNtsntNM1aCNUDipB/TkwZFhyDrrE47SOx/18wF2bbjgc3ZzCSKW1T5nt5EbFoAz/Vg==}
    engines: {node: '>=4'}
    hasBin: true
    dev: false

  /function-bind@1.1.1:
    resolution: {integrity: sha512-yIovAzMX49sF8Yl58fSCWJ5svSLuaibPxXQJFLmBObTuCr0Mf1KiPopGM9NiFjiYBCbfaa2Fh6breQ6ANVTI0A==}
    dev: false

  /has@1.0.3:
    resolution: {integrity: sha512-f2dvO0VU6Oej7RkWJGrehjbzMAjFp5/VKPp5tTpWIV4JHHZK1/BxbFRtf/siA2SWTe09caDmVtYYzWEIbBS4zw==}
    engines: {node: '>= 0.4.0'}
    dependencies:
      function-bind: 1.1.1
    dev: false

  /is-core-module@2.13.0:
    resolution: {integrity: sha512-Z7dk6Qo8pOCp3l4tsX2C5ZVas4V+UxwQodwZhLopL91TX8UyyHEXafPcyoeeWuLrwzHcr3igO78wNLwHJHsMCQ==}
    dependencies:
      has: 1.0.3
    dev: false

  /nanoid@3.3.6:
    resolution: {integrity: sha512-BGcqMMJuToF7i1rt+2PWSNVnWIkGCU78jBG3RxO/bZlnZPK2Cmi2QaffxGO/2RvWi9sL+FAiRiXMgsyxQ1DIDA==}
    engines: {node: ^10 || ^12 || ^13.7 || ^14 || >=15.0.1}
    hasBin: true
    dev: false

  /path-parse@1.0.7:
    resolution: {integrity: sha512-LDJzPVEEEPR+y48z93A0Ed0yXb8pAByGWo/k5YYdYgpY2/2EsOsksJrq7lOHxryrVOn1ejG6oAp8ahvOIQD8sw==}
    dev: false

  /picocolors@1.0.0:
    resolution: {integrity: sha512-1fygroTLlHu66zi26VoTDv8yRgm0Fccecssto+MhsZ0D/DGW2sm8E8AjW7NU5VVTRt5GxbeZ5qBuJr+HyLYkjQ==}
    dev: false

  /pify@2.3.0:
    resolution: {integrity: sha512-udgsAY+fTnvv7kI7aaxbqwWNb0AHiB0qBO89PZKPkoTmGOgdbrHDKD+0B2X4uTfJ/FT1R09r9gTsjUjNJotuog==}
    engines: {node: '>=0.10.0'}
    dev: false

  /postcss-import@15.1.0(postcss@8.4.30):
    resolution: {integrity: sha512-hpr+J05B2FVYUAXHeK1YyI267J/dDDhMU6B6civm8hSY1jYJnBXxzKDKDswzJmtLHryrjhnDjqqp/49t8FALew==}
    engines: {node: '>=14.0.0'}
    peerDependencies:
      postcss: ^8.0.0
    dependencies:
      postcss: 8.4.30
      postcss-value-parser: 4.2.0
      read-cache: 1.0.0
      resolve: 1.22.6
    dev: false

  /postcss-nested@5.0.6(postcss@8.4.30):
    resolution: {integrity: sha512-rKqm2Fk0KbA8Vt3AdGN0FB9OBOMDVajMG6ZCf/GoHgdxUJ4sBFp0A/uMIRm+MJUdo33YXEtjqIz8u7DAp8B7DA==}
    engines: {node: '>=12.0'}
    peerDependencies:
      postcss: ^8.2.14
    dependencies:
      postcss: 8.4.30
      postcss-selector-parser: 6.0.13
    dev: false

  /postcss-nested@6.0.1(postcss@8.4.30):
    resolution: {integrity: sha512-mEp4xPMi5bSWiMbsgoPfcP74lsWLHkQbZc3sY+jWYd65CUwXrUaTp0fmNpa01ZcETKlIgUdFN/MpS2xZtqL9dQ==}
    engines: {node: '>=12.0'}
    peerDependencies:
      postcss: ^8.2.14
    dependencies:
      postcss: 8.4.30
      postcss-selector-parser: 6.0.13
    dev: false

  /postcss-nesting@12.0.1(postcss@8.4.30):
    resolution: {integrity: sha512-6LCqCWP9pqwXw/njMvNK0hGY44Fxc4B2EsGbn6xDcxbNRzP8GYoxT7yabVVMLrX3quqOJ9hg2jYMsnkedOf8pA==}
    engines: {node: ^14 || ^16 || >=18}
    peerDependencies:
      postcss: ^8.4
    dependencies:
      '@csstools/selector-specificity': 3.0.0(postcss-selector-parser@6.0.13)
      postcss: 8.4.30
      postcss-selector-parser: 6.0.13
    dev: false

  /postcss-scss@4.0.8(postcss@8.4.30):
    resolution: {integrity: sha512-Cr0X8Eu7xMhE96PJck6ses/uVVXDtE5ghUTKNUYgm8ozgP2TkgV3LWs3WgLV1xaSSLq8ZFiXaUrj0LVgG1fGEA==}
    engines: {node: '>=12.0'}
    peerDependencies:
      postcss: ^8.4.29
    dependencies:
      postcss: 8.4.30
    dev: false

  /postcss-selector-parser@6.0.13:
    resolution: {integrity: sha512-EaV1Gl4mUEV4ddhDnv/xtj7sxwrwxdetHdWUGnT4VJQf+4d05v6lHYZr8N573k5Z0BViss7BDhfWtKS3+sfAqQ==}
    engines: {node: '>=4'}
    dependencies:
      cssesc: 3.0.0
      util-deprecate: 1.0.2
    dev: false

  /postcss-value-parser@4.2.0:
    resolution: {integrity: sha512-1NNCs6uurfkVbeXG4S8JFT9t19m45ICnif8zWLd5oPSZ50QnwMfK+H3jv408d4jw/7Bttv5axS5IiHoLaVNHeQ==}
    dev: false

  /postcss@8.4.30:
    resolution: {integrity: sha512-7ZEao1g4kd68l97aWG/etQKPKq07us0ieSZ2TnFDk11i0ZfDW2AwKHYU8qv4MZKqN2fdBfg+7q0ES06UA73C1g==}
    engines: {node: ^10 || ^12 || >=14}
    dependencies:
      nanoid: 3.3.6
      picocolors: 1.0.0
      source-map-js: 1.0.2
    dev: false

  /read-cache@1.0.0:
    resolution: {integrity: sha512-Owdv/Ft7IjOgm/i0xvNDZ1LrRANRfew4b2prF3OWMQLxLfu3bS8FVhCsrSCMK4lR56Y9ya+AThoTpDCTxCmpRA==}
    dependencies:
      pify: 2.3.0
    dev: false

  /resolve@1.22.6:
    resolution: {integrity: sha512-njhxM7mV12JfufShqGy3Rz8j11RPdLy4xi15UurGJeoHLfJpVXKdh3ueuOqbYUcDZnffr6X739JBo5LzyahEsw==}
    hasBin: true
    dependencies:
      is-core-module: 2.13.0
      path-parse: 1.0.7
      supports-preserve-symlinks-flag: 1.0.0
    dev: false

  /source-map-js@1.0.2:
    resolution: {integrity: sha512-R0XvVJ9WusLiqTCEiGCmICCMplcCkIwwR11mOSD9CR5u+IXYdiseeEuXCVAjS54zqwkLcPNnmU4OeJ6tUrWhDw==}
    engines: {node: '>=0.10.0'}
    dev: false

  /supports-preserve-symlinks-flag@1.0.0:
    resolution: {integrity: sha512-ot0WnXS9fgdkgIcePe6RHNk1WA8+muPa6cSjeR3V8K27q9BB1rTE3R1p7Hv0z1ZyAc8s6Vvv8DIyWf681MAt0w==}
    engines: {node: '>= 0.4'}
    dev: false

  /util-deprecate@1.0.2:
    resolution: {integrity: sha512-EPD5q1uXyFxJpCrLnCc1nHnq3gOa6DZBocAIiI2TaSCA7VCJ1UJDMagCzIkXNsUYfD1daK//LTEQ8xiIbrHtcw==}
    dev: false
